{
  "name": "cloudeval",
  "version": "0.0.1",
  "lockfileVersion": 3,
  "requires": true,
  "packages": {
    "": {
      "name": "cloudeval",
      "version": "0.0.1",
      "license": "MIT",
      "bin": {
        "cloudeval": "bin/cloudeval.mjs"
      },
      "engines": {
        "node": ">=22"
      }
    }
  }
}
